{
    "name": "rgbds-z80",
    "version": "2.7.1",
    "lockfileVersion": 1,
    "requires": true,
    "dependencies": {
        "@types/node": {
            "version": "14.14.31",
            "resolved": "https://registry.npmjs.org/@types/node/-/node-14.14.31.tgz",
            "integrity": "sha512-vFHy/ezP5qI0rFgJ7aQnjDXwAMrG0KqqIH7tQG5PPv3BWBayOPIQNBjVc/P6hhdZfMx51REc6tfDNXHUio893g==",
            "dev": true
        },
        "@types/vscode": {
            "version": "1.22.0",
            "resolved": "https://registry.npmjs.org/@types/vscode/-/vscode-1.22.0.tgz",
            "integrity": "sha512-cVGmM8t++zW9uO9+JwLyI51J1UCkXMcUILf7RWgIAlPLyRXQqBHI3MQzTQnyFgzHlOnKHQsyijl4OwDk2lsbDA==",
            "dev": true
        },
        "sax": {
            "version": "1.2.4",
            "resolved": "https://registry.npmjs.org/sax/-/sax-1.2.4.tgz",
            "integrity": "sha512-NqVDv9TpANUjFm0N8uM5GxL36UgKi9/atZw+x7YFnQ8ckwFGKrl4xX4yWtrey3UJm5nP1kUbnYgLopqWNSRhWw=="
        },
        "typescript": {
            "version": "4.1.5",
            "resolved": "https://registry.npmjs.org/typescript/-/typescript-4.1.5.tgz",
            "integrity": "sha512-6OSu9PTIzmn9TCDiovULTnET6BgXtDYL4Gg4szY+cGsc3JP1dQL8qvE8kShTRx1NIw4Q9IBHlwODjkjWEtMUyA==",
            "dev": true
        },
        "xml-js": {
            "version": "1.6.11",
            "resolved": "https://registry.npmjs.org/xml-js/-/xml-js-1.6.11.tgz",
            "integrity": "sha512-7rVi2KMfwfWFl+GpPg6m80IVMWXLRjO+PxTq7V2CDhoGak0wzYzFgUY2m4XJ47OGdXd8eLE8EmwfAmdjw7lC1g==",
            "requires": {
                "sax": "^1.2.4"
            }
        }
    }
}
