{
    "name": "rgbds-z80",
    "version": "5.0.0",
    "lockfileVersion": 2,
    "requires": true,
    "packages": {
        "": {
            "name": "rgbds-z80",
            "version": "5.0.0",
            "dependencies": {
                "xml-js": "~1.6.11"
            },
            "devDependencies": {
                "@types/node": "^14.14.31",
                "@types/vscode": "~1.88.0",
                "typescript": "~4.1.5"
            },
            "engines": {
                "vscode": "^1.88.0"
            }
        },
        "node_modules/@types/node": {
            "version": "14.14.31",
            "resolved": "https://registry.npmjs.org/@types/node/-/node-14.14.31.tgz",
            "integrity": "sha512-vFHy/ezP5qI0rFgJ7aQnjDXwAMrG0KqqIH7tQG5PPv3BWBayOPIQNBjVc/P6hhdZfMx51REc6tfDNXHUio893g==",
            "dev": true
        },
        "node_modules/@types/vscode": {
            "version": "1.88.0",
            "resolved": "https://registry.npmjs.org/@types/vscode/-/vscode-1.88.0.tgz",
            "integrity": "sha512-rWY+Bs6j/f1lvr8jqZTyp5arRMfovdxolcqGi+//+cPDOh8SBvzXH90e7BiSXct5HJ9HGW6jATchbRTpTJpEkw==",
            "dev": true
        },
        "node_modules/sax": {
            "version": "1.2.4",
            "resolved": "https://registry.npmjs.org/sax/-/sax-1.2.4.tgz",
            "integrity": "sha512-NqVDv9TpANUjFm0N8uM5GxL36UgKi9/atZw+x7YFnQ8ckwFGKrl4xX4yWtrey3UJm5nP1kUbnYgLopqWNSRhWw=="
        },
        "node_modules/typescript": {
            "version": "4.1.5",
            "resolved": "https://registry.npmjs.org/typescript/-/typescript-4.1.5.tgz",
            "integrity": "sha512-6OSu9PTIzmn9TCDiovULTnET6BgXtDYL4Gg4szY+cGsc3JP1dQL8qvE8kShTRx1NIw4Q9IBHlwODjkjWEtMUyA==",
            "dev": true,
            "bin": {
                "tsc": "bin/tsc",
                "tsserver": "bin/tsserver"
            },
            "engines": {
                "node": ">=4.2.0"
            }
        },
        "node_modules/xml-js": {
            "version": "1.6.11",
            "resolved": "https://registry.npmjs.org/xml-js/-/xml-js-1.6.11.tgz",
            "integrity": "sha512-7rVi2KMfwfWFl+GpPg6m80IVMWXLRjO+PxTq7V2CDhoGak0wzYzFgUY2m4XJ47OGdXd8eLE8EmwfAmdjw7lC1g==",
            "dependencies": {
                "sax": "^1.2.4"
            },
            "bin": {
                "xml-js": "bin/cli.js"
            }
        }
    },
    "dependencies": {
        "@types/node": {
            "version": "14.14.31",
            "resolved": "https://registry.npmjs.org/@types/node/-/node-14.14.31.tgz",
            "integrity": "sha512-vFHy/ezP5qI0rFgJ7aQnjDXwAMrG0KqqIH7tQG5PPv3BWBayOPIQNBjVc/P6hhdZfMx51REc6tfDNXHUio893g==",
            "dev": true
        },
        "@types/vscode": {
            "version": "1.88.0",
            "resolved": "https://registry.npmjs.org/@types/vscode/-/vscode-1.88.0.tgz",
            "integrity": "sha512-rWY+Bs6j/f1lvr8jqZTyp5arRMfovdxolcqGi+//+cPDOh8SBvzXH90e7BiSXct5HJ9HGW6jATchbRTpTJpEkw==",
            "dev": true
        },
        "sax": {
            "version": "1.2.4",
            "resolved": "https://registry.npmjs.org/sax/-/sax-1.2.4.tgz",
            "integrity": "sha512-NqVDv9TpANUjFm0N8uM5GxL36UgKi9/atZw+x7YFnQ8ckwFGKrl4xX4yWtrey3UJm5nP1kUbnYgLopqWNSRhWw=="
        },
        "typescript": {
            "version": "4.1.5",
            "resolved": "https://registry.npmjs.org/typescript/-/typescript-4.1.5.tgz",
            "integrity": "sha512-6OSu9PTIzmn9TCDiovULTnET6BgXtDYL4Gg4szY+cGsc3JP1dQL8qvE8kShTRx1NIw4Q9IBHlwODjkjWEtMUyA==",
            "dev": true
        },
        "xml-js": {
            "version": "1.6.11",
            "resolved": "https://registry.npmjs.org/xml-js/-/xml-js-1.6.11.tgz",
            "integrity": "sha512-7rVi2KMfwfWFl+GpPg6m80IVMWXLRjO+PxTq7V2CDhoGak0wzYzFgUY2m4XJ47OGdXd8eLE8EmwfAmdjw7lC1g==",
            "requires": {
                "sax": "^1.2.4"
            }
        }
    }
}
